
Microsoft Visual Studio Solution File, Format Version 12.00
# Visual Studio 14
VisualStudioVersion = 14.0.22823.1
MinimumVisualStudioVersion = 10.0.40219.1
Project("{FAE04EC0-301F-11D3-BF4B-00C04F79EFBC}") = "OmniKits.Threading", "OmniKits.Threading\OmniKits.Threading.csproj", "{787B1A70-ADE2-4A51-BE20-3DF04412186B}"
EndProject
Project("{FAE04EC0-301F-11D3-BF4B-00C04F79EFBC}") = "OmniKits.Interfaces", "OmniKits.Interfaces\OmniKits.Interfaces.csproj", "{B3BCD329-5FBC-4937-8BBA-BA57CD11407D}"
EndProject
Project("{FAE04EC0-301F-11D3-BF4B-00C04F79EFBC}") = "TubeTest", "TubeTest\TubeTest.csproj", "{28BE7D6D-AC7B-4CC6-885F-8911CB7856FC}"
EndProject
Project("{FAE04EC0-301F-11D3-BF4B-00C04F79EFBC}") = "OmniKits.Tasks", "OmniKits.Tasks\OmniKits.Tasks.csproj", "{220FE0C2-756A-4E59-8E11-422EF9B4118B}"
EndProject
Project("{FAE04EC0-301F-11D3-BF4B-00C04F79EFBC}") = "OmniKits.AsyncEx45", "OmniKits.AsyncEx45\OmniKits.AsyncEx45.csproj", "{83CD172D-CE1C-4CAD-BE04-5684018FA203}"
EndProject
Project("{D954291E-2A0B-460D-934E-DC6B0785DB48}") = "OmniKits.AsyncEx", "OmniKits.AsyncEx\OmniKits.AsyncEx.shproj", "{73A633BC-BA48-45BC-8C40-513594A4B061}"
EndProject
Project("{FAE04EC0-301F-11D3-BF4B-00C04F79EFBC}") = "OmniKits.AsyncEx40", "OmniKits.AsyncEx40\OmniKits.AsyncEx40.csproj", "{911E2C85-4FDA-4F60-B1B8-A23AD98DEF30}"
EndProject
Global
	GlobalSection(SharedMSBuildProjectFiles) = preSolution
		OmniKits.AsyncEx\OmniKits.AsyncEx.projitems*{73a633bc-ba48-45bc-8c40-513594a4b061}*SharedItemsImports = 13
		OmniKits.AsyncEx\OmniKits.AsyncEx.projitems*{83cd172d-ce1c-4cad-be04-5684018fa203}*SharedItemsImports = 4
		OmniKits.AsyncEx\OmniKits.AsyncEx.projitems*{911e2c85-4fda-4f60-b1b8-a23ad98def30}*SharedItemsImports = 4
	EndGlobalSection
	GlobalSection(SolutionConfigurationPlatforms) = preSolution
		Debug|Any CPU = Debug|Any CPU
		Release|Any CPU = Release|Any CPU
	EndGlobalSection
	GlobalSection(ProjectConfigurationPlatforms) = postSolution
		{787B1A70-ADE2-4A51-BE20-3DF04412186B}.Debug|Any CPU.ActiveCfg = Debug|Any CPU
		{787B1A70-ADE2-4A51-BE20-3DF04412186B}.Debug|Any CPU.Build.0 = Debug|Any CPU
		{787B1A70-ADE2-4A51-BE20-3DF04412186B}.Release|Any CPU.ActiveCfg = Release|Any CPU
		{787B1A70-ADE2-4A51-BE20-3DF04412186B}.Release|Any CPU.Build.0 = Release|Any CPU
		{B3BCD329-5FBC-4937-8BBA-BA57CD11407D}.Debug|Any CPU.ActiveCfg = Debug|Any CPU
		{B3BCD329-5FBC-4937-8BBA-BA57CD11407D}.Debug|Any CPU.Build.0 = Debug|Any CPU
		{B3BCD329-5FBC-4937-8BBA-BA57CD11407D}.Release|Any CPU.ActiveCfg = Release|Any CPU
		{B3BCD329-5FBC-4937-8BBA-BA57CD11407D}.Release|Any CPU.Build.0 = Release|Any CPU
		{28BE7D6D-AC7B-4CC6-885F-8911CB7856FC}.Debug|Any CPU.ActiveCfg = Debug|Any CPU
		{28BE7D6D-AC7B-4CC6-885F-8911CB7856FC}.Debug|Any CPU.Build.0 = Debug|Any CPU
		{28BE7D6D-AC7B-4CC6-885F-8911CB7856FC}.Release|Any CPU.ActiveCfg = Release|Any CPU
		{28BE7D6D-AC7B-4CC6-885F-8911CB7856FC}.Release|Any CPU.Build.0 = Release|Any CPU
		{220FE0C2-756A-4E59-8E11-422EF9B4118B}.Debug|Any CPU.ActiveCfg = Debug|Any CPU
		{220FE0C2-756A-4E59-8E11-422EF9B4118B}.Debug|Any CPU.Build.0 = Debug|Any CPU
		{220FE0C2-756A-4E59-8E11-422EF9B4118B}.Release|Any CPU.ActiveCfg = Release|Any CPU
		{220FE0C2-756A-4E59-8E11-422EF9B4118B}.Release|Any CPU.Build.0 = Release|Any CPU
		{83CD172D-CE1C-4CAD-BE04-5684018FA203}.Debug|Any CPU.ActiveCfg = Debug|Any CPU
		{83CD172D-CE1C-4CAD-BE04-5684018FA203}.Debug|Any CPU.Build.0 = Debug|Any CPU
		{83CD172D-CE1C-4CAD-BE04-5684018FA203}.Release|Any CPU.ActiveCfg = Release|Any CPU
		{83CD172D-CE1C-4CAD-BE04-5684018FA203}.Release|Any CPU.Build.0 = Release|Any CPU
		{911E2C85-4FDA-4F60-B1B8-A23AD98DEF30}.Debug|Any CPU.ActiveCfg = Debug|Any CPU
		{911E2C85-4FDA-4F60-B1B8-A23AD98DEF30}.Debug|Any CPU.Build.0 = Debug|Any CPU
		{911E2C85-4FDA-4F60-B1B8-A23AD98DEF30}.Release|Any CPU.ActiveCfg = Release|Any CPU
		{911E2C85-4FDA-4F60-B1B8-A23AD98DEF30}.Release|Any CPU.Build.0 = Release|Any CPU
	EndGlobalSection
	GlobalSection(SolutionProperties) = preSolution
		HideSolutionNode = FALSE
	EndGlobalSection
EndGlobal
